
Microsoft Visual Studio Solution File, Format Version 12.00
# Visual Studio 2012
Project("{D954291E-2A0B-460D-934E-DC6B0785DB48}") = "experiment", "experiment\experiment.shproj", "{E6D20D69-2291-4CEE-8507-CCB4F7184D1F}"
EndProject
Project("{FAE04EC0-301F-11D3-BF4B-00C04F79EFBC}") = "experiment.iOS", "iOS\experiment.iOS.csproj", "{B6200E51-DA35-469E-B465-3290F98D7A25}"
EndProject
Project("{FAE04EC0-301F-11D3-BF4B-00C04F79EFBC}") = "experiment.Droid", "Droid\experiment.Droid.csproj", "{EF867802-B12F-409A-BB86-5B0A7A1E8851}"
EndProject
Project("{FAE04EC0-301F-11D3-BF4B-00C04F79EFBC}") = "experiment.MobileAppService", "MobileAppService\experiment.MobileAppService.csproj", "{465C0E75-788A-47A4-982F-1452B36597BD}"
EndProject
Global
	GlobalSection(SolutionConfigurationPlatforms) = preSolution
		Debug|iPhoneSimulator = Debug|iPhoneSimulator
		Release|iPhone = Release|iPhone
		Release|iPhoneSimulator = Release|iPhoneSimulator
		Debug|iPhone = Debug|iPhone
		Debug|Any CPU = Debug|Any CPU
		Release|Any CPU = Release|Any CPU
	EndGlobalSection
	GlobalSection(ProjectConfigurationPlatforms) = postSolution
		{B6200E51-DA35-469E-B465-3290F98D7A25}.Debug|iPhoneSimulator.ActiveCfg = Debug|iPhoneSimulator
		{B6200E51-DA35-469E-B465-3290F98D7A25}.Debug|iPhoneSimulator.Build.0 = Debug|iPhoneSimulator
		{B6200E51-DA35-469E-B465-3290F98D7A25}.Release|iPhone.ActiveCfg = Release|iPhone
		{B6200E51-DA35-469E-B465-3290F98D7A25}.Release|iPhone.Build.0 = Release|iPhone
		{B6200E51-DA35-469E-B465-3290F98D7A25}.Release|iPhoneSimulator.ActiveCfg = Release|iPhoneSimulator
		{B6200E51-DA35-469E-B465-3290F98D7A25}.Release|iPhoneSimulator.Build.0 = Release|iPhoneSimulator
		{B6200E51-DA35-469E-B465-3290F98D7A25}.Debug|iPhone.ActiveCfg = Debug|iPhone
		{B6200E51-DA35-469E-B465-3290F98D7A25}.Debug|iPhone.Build.0 = Debug|iPhone
		{B6200E51-DA35-469E-B465-3290F98D7A25}.Debug|Any CPU.ActiveCfg = Debug|iPhoneSimulator
		{B6200E51-DA35-469E-B465-3290F98D7A25}.Debug|Any CPU.Build.0 = Debug|iPhoneSimulator
		{B6200E51-DA35-469E-B465-3290F98D7A25}.Release|Any CPU.ActiveCfg = Release|iPhone
		{B6200E51-DA35-469E-B465-3290F98D7A25}.Release|Any CPU.Build.0 = Release|iPhone
		{EF867802-B12F-409A-BB86-5B0A7A1E8851}.Debug|iPhoneSimulator.ActiveCfg = Debug|Any CPU
		{EF867802-B12F-409A-BB86-5B0A7A1E8851}.Debug|iPhoneSimulator.Build.0 = Debug|Any CPU
		{EF867802-B12F-409A-BB86-5B0A7A1E8851}.Release|iPhone.ActiveCfg = Release|Any CPU
		{EF867802-B12F-409A-BB86-5B0A7A1E8851}.Release|iPhone.Build.0 = Release|Any CPU
		{EF867802-B12F-409A-BB86-5B0A7A1E8851}.Release|iPhoneSimulator.ActiveCfg = Release|Any CPU
		{EF867802-B12F-409A-BB86-5B0A7A1E8851}.Release|iPhoneSimulator.Build.0 = Release|Any CPU
		{EF867802-B12F-409A-BB86-5B0A7A1E8851}.Debug|iPhone.ActiveCfg = Debug|Any CPU
		{EF867802-B12F-409A-BB86-5B0A7A1E8851}.Debug|iPhone.Build.0 = Debug|Any CPU
		{EF867802-B12F-409A-BB86-5B0A7A1E8851}.Debug|Any CPU.ActiveCfg = Debug|Any CPU
		{EF867802-B12F-409A-BB86-5B0A7A1E8851}.Debug|Any CPU.Build.0 = Debug|Any CPU
		{EF867802-B12F-409A-BB86-5B0A7A1E8851}.Release|Any CPU.ActiveCfg = Release|Any CPU
		{EF867802-B12F-409A-BB86-5B0A7A1E8851}.Release|Any CPU.Build.0 = Release|Any CPU
		{465C0E75-788A-47A4-982F-1452B36597BD}.Debug|iPhoneSimulator.ActiveCfg = Debug|Any CPU
		{465C0E75-788A-47A4-982F-1452B36597BD}.Debug|iPhoneSimulator.Build.0 = Debug|Any CPU
		{465C0E75-788A-47A4-982F-1452B36597BD}.Release|iPhone.ActiveCfg = Release|Any CPU
		{465C0E75-788A-47A4-982F-1452B36597BD}.Release|iPhone.Build.0 = Release|Any CPU
		{465C0E75-788A-47A4-982F-1452B36597BD}.Release|iPhoneSimulator.ActiveCfg = Release|Any CPU
		{465C0E75-788A-47A4-982F-1452B36597BD}.Release|iPhoneSimulator.Build.0 = Release|Any CPU
		{465C0E75-788A-47A4-982F-1452B36597BD}.Debug|iPhone.ActiveCfg = Debug|Any CPU
		{465C0E75-788A-47A4-982F-1452B36597BD}.Debug|iPhone.Build.0 = Debug|Any CPU
		{465C0E75-788A-47A4-982F-1452B36597BD}.Debug|Any CPU.ActiveCfg = Debug|Any CPU
		{465C0E75-788A-47A4-982F-1452B36597BD}.Debug|Any CPU.Build.0 = Debug|Any CPU
		{465C0E75-788A-47A4-982F-1452B36597BD}.Release|Any CPU.ActiveCfg = Release|Any CPU
		{465C0E75-788A-47A4-982F-1452B36597BD}.Release|Any CPU.Build.0 = Release|Any CPU
	EndGlobalSection
EndGlobal
